{
  "name": "tessera-spec9",
  "lockfileVersion": 3,
  "requires": true,
  "packages": {
    "": {
      "name": "tessera-spec9",
      "devDependencies": {
        "spec9": "file:../../../spec9"
      }
    },
    "../../../spec9": {
      "version": "0.1.0",
      "dev": true,
      "license": "MIT",
      "dependencies": {
        "yaml": "^2.8.1"
      },
      "bin": {
        "spec9": "plugins/spec9/tools/spec.mjs"
      }
    },
    "node_modules/spec9": {
      "resolved": "../../../spec9",
      "link": true
    }
  }
}
